{
  "name": "cordova-plugin-amr",
  "version": "1.2.8",
  "lockfileVersion": 2,
  "requires": true,
  "packages": {
    "": {
      "name": "cordova-plugin-amr",
      "version": "1.2.8",
      "engines": [
        {
          "name": "cordova",
          "version": ">=8.0.0"
        }
      ],
      "license": "ISC"
    }
  }
}
